
Microsoft Visual Studio Solution File, Format Version 12.00
# Visual Studio Version 17
Project("{2150E333-8FDC-42A3-9474-1A3956D46DE8}") = "Hazel", "Hazel", "{60928A16-CC47-030C-553C-FDE2C1F0F90F}"
EndProject
Project("{FAE04EC0-301F-11D3-BF4B-00C04F79EFBC}") = "Coral.Managed", "..\Hazel\Hazel\vendor\Coral\Coral.Managed\Coral.Managed.csproj", "{11178401-7DD7-FF37-4612-49B5B2914414}"
EndProject
Project("{FAE04EC0-301F-11D3-BF4B-00C04F79EFBC}") = "Hazel-ScriptCore", "..\Hazel\Hazel-ScriptCore\Hazel-ScriptCore.csproj", "{6432FCE0-502B-1B33-795D-00B865B5FA3E}"
EndProject
Project("{FAE04EC0-301F-11D3-BF4B-00C04F79EFBC}") = "ImNotHungry", "Assets\Scripts\ImNotHungry.csproj", "{093DA92B-75F2-2121-FEE6-1BF86A9B1825}"
EndProject
Global
	GlobalSection(SolutionConfigurationPlatforms) = preSolution
		Debug|Any CPU = Debug|Any CPU
		Release|Any CPU = Release|Any CPU
	EndGlobalSection
	GlobalSection(ProjectConfigurationPlatforms) = postSolution
		{11178401-7DD7-FF37-4612-49B5B2914414}.Debug|Any CPU.ActiveCfg = Debug|Any CPU
		{11178401-7DD7-FF37-4612-49B5B2914414}.Debug|Any CPU.Build.0 = Debug|Any CPU
		{11178401-7DD7-FF37-4612-49B5B2914414}.Release|Any CPU.ActiveCfg = Release|Any CPU
		{11178401-7DD7-FF37-4612-49B5B2914414}.Release|Any CPU.Build.0 = Release|Any CPU
		{6432FCE0-502B-1B33-795D-00B865B5FA3E}.Debug|Any CPU.ActiveCfg = Debug|Any CPU
		{6432FCE0-502B-1B33-795D-00B865B5FA3E}.Debug|Any CPU.Build.0 = Debug|Any CPU
		{6432FCE0-502B-1B33-795D-00B865B5FA3E}.Release|Any CPU.ActiveCfg = Release|Any CPU
		{6432FCE0-502B-1B33-795D-00B865B5FA3E}.Release|Any CPU.Build.0 = Release|Any CPU
		{093DA92B-75F2-2121-FEE6-1BF86A9B1825}.Debug|Any CPU.ActiveCfg = Debug|Any CPU
		{093DA92B-75F2-2121-FEE6-1BF86A9B1825}.Debug|Any CPU.Build.0 = Debug|Any CPU
		{093DA92B-75F2-2121-FEE6-1BF86A9B1825}.Release|Any CPU.ActiveCfg = Release|Any CPU
		{093DA92B-75F2-2121-FEE6-1BF86A9B1825}.Release|Any CPU.Build.0 = Release|Any CPU
	EndGlobalSection
	GlobalSection(SolutionProperties) = preSolution
		HideSolutionNode = FALSE
	EndGlobalSection
	GlobalSection(NestedProjects) = preSolution
		{11178401-7DD7-FF37-4612-49B5B2914414} = {60928A16-CC47-030C-553C-FDE2C1F0F90F}
		{6432FCE0-502B-1B33-795D-00B865B5FA3E} = {60928A16-CC47-030C-553C-FDE2C1F0F90F}
	EndGlobalSection
EndGlobal
